
Microsoft Visual Studio Solution File, Format Version 12.00
# Visual Studio 15
VisualStudioVersion = 15.0.28010.2003
MinimumVisualStudioVersion = 10.0.40219.1
Project("{FAE04EC0-301F-11D3-BF4B-00C04F79EFBC}") = "MyApi", "MyApi\MyApi.csproj", "{007EB344-9B19-44FC-97FF-FD1E1370B03C}"
EndProject
Global
	GlobalSection(SolutionConfigurationPlatforms) = preSolution
		Debug|Any CPU = Debug|Any CPU
		Release|Any CPU = Release|Any CPU
	EndGlobalSection
	GlobalSection(ProjectConfigurationPlatforms) = postSolution
		{007EB344-9B19-44FC-97FF-FD1E1370B03C}.Debug|Any CPU.ActiveCfg = Debug|Any CPU
		{007EB344-9B19-44FC-97FF-FD1E1370B03C}.Debug|Any CPU.Build.0 = Debug|Any CPU
		{007EB344-9B19-44FC-97FF-FD1E1370B03C}.Release|Any CPU.ActiveCfg = Release|Any CPU
		{007EB344-9B19-44FC-97FF-FD1E1370B03C}.Release|Any CPU.Build.0 = Release|Any CPU
	EndGlobalSection
	GlobalSection(SolutionProperties) = preSolution
		HideSolutionNode = FALSE
	EndGlobalSection
	GlobalSection(ExtensibilityGlobals) = postSolution
		SolutionGuid = {8845FE53-5B5E-4C2C-B1CA-167FEDAA09F5}
	EndGlobalSection
EndGlobal
